{
  "name": "ip-https-get",
  "version": "1.0.0",
  "lockfileVersion": 1,
  "requires": true,
  "dependencies": {
    "allocate_buffer": {
      "version": "1.0.0",
      "resolved": "https://registry.npmjs.org/allocate_buffer/-/allocate_buffer-1.0.0.tgz",
      "integrity": "sha512-uxVrl6IJyYKO8ufeUF1Vebhdu35PJMq1NQ2qpQVvZL0tahAHWKvxwZ9bnDnarn6EA08glnMkGL0uw6ATPNfKmA=="
    }
  }
}
